PODS:
  - FBSnapshotTestCase (2.1.1):
    - FBSnapshotTestCase/SwiftSupport (= 2.1.1)
  - FBSnapshotTestCase/Core (2.1.1)
  - FBSnapshotTestCase/SwiftSupport (2.1.1):
    - FBSnapshotTestCase/Core
  - Nimble (3.2.0)
  - Nimble-Snapshots (4.1.0):
    - FBSnapshotTestCase (~> 2.0)
    - Nimble
    - Quick
  - Quick (0.9.2)
  - SVisualData (0.1.0)

DEPENDENCIES:
  - FBSnapshotTestCase
  - Nimble (~> 3.0)
  - Nimble-Snapshots
  - Quick (~> 0.8)
  - SVisualData (from `../`)

EXTERNAL SOURCES:
  SVisualData:
    :path: ../

SPEC CHECKSUMS:
  FBSnapshotTestCase: 432afd8d059ccef7f207225894840a03fbcf7474
  Nimble: 703854335d181df169bbca9c97117b5cf8c47c1d
  Nimble-Snapshots: 2da4d2ec829b458d6886c06812c52493fce284c9
  Quick: 18d057bc66451eedd5d1c8dc99ba2a5db6e60226
  SVisualData: 78c32f68cf6eb88245b2c115df2dd1d08c8f6a44

PODFILE CHECKSUM: 4123f671dc1ac6e28e0af660b2b0ee187c7694d1

COCOAPODS: 1.0.0.beta.6
